# This file is automatically @generated by Cargo.
# It is not intended for manual editing.
version = 4

[[package]]
name = "bootloader_api"
version = "0.11.10"
source = "registry+https://github.com/rust-lang/crates.io-index"
checksum = "77fadafc2a2fa690f4f14a2e2a41c65d9e810b7fe959245bdf6d3b9c6d7e4bf1"

[[package]]
name = "kernel"
version = "0.1.0"
dependencies = [
 "bootloader_api",
]
